
Microsoft Visual Studio Solution File, Format Version 12.00
# Visual Studio Version 17
VisualStudioVersion = 17.4.33213.308
MinimumVisualStudioVersion = 10.0.40219.1
Project("{FAE04EC0-301F-11D3-BF4B-00C04F79EFBC}") = "Lambda_In_CSharp", "Lambda_In_CSharp\Lambda_In_CSharp.csproj", "{B51DA4A6-7E71-4CB2-8230-CD32AB227399}"
EndProject
Global
	GlobalSection(SolutionConfigurationPlatforms) = preSolution
		Debug|Any CPU = Debug|Any CPU
		Release|Any CPU = Release|Any CPU
	EndGlobalSection
	GlobalSection(ProjectConfigurationPlatforms) = postSolution
		{B51DA4A6-7E71-4CB2-8230-CD32AB227399}.Debug|Any CPU.ActiveCfg = Debug|Any CPU
		{B51DA4A6-7E71-4CB2-8230-CD32AB227399}.Debug|Any CPU.Build.0 = Debug|Any CPU
		{B51DA4A6-7E71-4CB2-8230-CD32AB227399}.Release|Any CPU.ActiveCfg = Release|Any CPU
		{B51DA4A6-7E71-4CB2-8230-CD32AB227399}.Release|Any CPU.Build.0 = Release|Any CPU
	EndGlobalSection
	GlobalSection(SolutionProperties) = preSolution
		HideSolutionNode = FALSE
	EndGlobalSection
	GlobalSection(ExtensibilityGlobals) = postSolution
		SolutionGuid = {B177E0E6-4050-45DE-8752-F1F5C944CC93}
	EndGlobalSection
EndGlobal
